// !$*UTF8*$!
{
	archiveVersion = 1;
	classes = {
	};
	objectVersion = 46;
	objects = {

/* Begin PBXBuildFile section */
		9995A8C41CCA0B2400DB48A2 /* main.swift in Sources */ = {isa = PBXBuildFile; fileRef = 9995A8C31CCA0B2400DB48A2 /* main.swift */; };
/* End PBXBuildFile section */

/* Begin PBXCopyFilesBuildPhase section */
		9995A8BE1CCA0B2400DB48A2 /* CopyFiles */ = {
			isa = PBXCopyFilesBuildPhase;
			buildActionMask = 2147483647;
			dstPath = /usr/share/man/man1/;
			dstSubfolderSpec = 0;
			files = (
			);
			runOnlyForDeploymentPostprocessing = 1;
		};
/* End PBXCopyFilesBuildPhase section */

/* Begin PBXFileReference section */
		9995A8C01CCA0B2400DB48A2 /* Swift构造过程 */ = {isa = PBXFileReference; explicitFileType = "compiled.mach-o.executable"; includeInIndex = 0; path = "Swift构造过程"; sourceTree = BUILT_PRODUCTS_DIR; };
		9995A8C31CCA0B2400DB48A2 /* main.swift */ = {isa = PBXFileReference; lastKnownFileType = sourcecode.swift; path = main.swift; sourceTree = "<group>"; };
/* End PBXFileReference section */

/* Begin PBXFrameworksBuildPhase section */
		9995A8BD1CCA0B2400DB48A2 /* Frameworks */ = {
			isa = PBXFrameworksBuildPhase;
			buildActionMask = 2147483647;
			files = (
			);
			runOnlyForDeploymentPostprocessing = 0;
		};
/* End PBXFrameworksBuildPhase section */

/* Begin PBXGroup section */
		9995A8B71CCA0B2400DB48A2 = {
			isa = PBXGroup;
			children = (
				9995A8C21CCA0B2400DB48A2 /* Swift构造过程 */,
				9995A8C11CCA0B2400DB48A2 /* Products */,
			);
			sourceTree = "<group>";
		};
		9995A8C11CCA0B2400DB48A2 /* Products */ = {
			isa = PBXGroup;
			children = (
				9995A8C01CCA0B2400DB48A2 /* Swift构造过程 */,
			);
			name = Products;
			sourceTree = "<group>";
		};
		9995A8C21CCA0B2400DB48A2 /* Swift构造过程 */ = {
			isa = PBXGroup;
			children = (
				9995A8C31CCA0B2400DB48A2 /* main.swift */,
			);
			path = "Swift构造过程";
			sourceTree = "<group>";
		};
/* End PBXGroup section */

/* Begin PBXNativeTarget section */
		9995A8BF1CCA0B2400DB48A2 /* Swift构造过程 */ = {
			isa = PBXNativeTarget;
			buildConfigurationList = 9995A8C71CCA0B2400DB48A2 /* Build configuration list for PBXNativeTarget "Swift构造过程" */;
			buildPhases = (
				9995A8BC1CCA0B2400DB48A2 /* Sources */,
				9995A8BD1CCA0B2400DB48A2 /* Frameworks */,
				9995A8BE1CCA0B2400DB48A2 /* CopyFiles */,
			);
			buildRules = (
			);
			dependencies = (
			);
			name = "Swift构造过程";
			productName = "Swift构造过程";
			productReference = 9995A8C01CCA0B2400DB48A2 /* Swift构造过程 */;
			productType = "com.apple.product-type.tool";
		};
/* End PBXNativeTarget section */

/* Begin PBXProject section */
		9995A8B81CCA0B2400DB48A2 /* Project object */ = {
			isa = PBXProject;
			attributes = {
				LastSwiftUpdateCheck = 0730;
				LastUpgradeCheck = 0730;
				ORGANIZATIONNAME = zgq;
				TargetAttributes = {
					9995A8BF1CCA0B2400DB48A2 = {
						CreatedOnToolsVersion = 7.3;
					};
				};
			};
			buildConfigurationList = 9995A8BB1CCA0B2400DB48A2 /* Build configuration list for PBXProject "Swift构造过程" */;
			compatibilityVersion = "Xcode 3.2";
			developmentRegion = English;
			hasScannedForEncodings = 0;
			knownRegions = (
				en,
			);
			mainGroup = 9995A8B71CCA0B2400DB48A2;
			productRefGroup = 9995A8C11CCA0B2400DB48A2 /* Products */;
			projectDirPath = "";
			projectRoot = "";
			targets = (
				9995A8BF1CCA0B2400DB48A2 /* Swift构造过程 */,
			);
		};
/* End PBXProject section */

/* Begin PBXSourcesBuildPhase section */
		9995A8BC1CCA0B2400DB48A2 /* Sources */ = {
			isa = PBXSourcesBuildPhase;
			buildActionMask = 2147483647;
			files = (
				9995A8C41CCA0B2400DB48A2 /* main.swift in Sources */,
			);
			runOnlyForDeploymentPostprocessing = 0;
		};
/* End PBXSourcesBuildPhase section */

/* Begin XCBuildConfiguration section */
		9995A8C51CCA0B2400DB48A2 /* Debug */ = {
			isa = XCBuildConfiguration;
			buildSettings = {
				ALWAYS_SEARCH_USER_PATHS = NO;
				CLANG_ANALYZER_NONNULL = YES;
				CLANG_CXX_LANGUAGE_STANDARD = "gnu++0x";
				CLANG_CXX_LIBRARY = "libc++";
				CLANG_ENABLE_MODULES = YES;
				CLANG_ENABLE_OBJC_ARC = YES;
				CLANG_WARN_BOOL_CONVERSION = YES;
				CLANG_WARN_CONSTANT_CONVERSION = YES;
				CLANG_WARN_DIRECT_OBJC_ISA_USAGE = YES_ERROR;
				CLANG_WARN_EMPTY_BODY = YES;
				CLANG_WARN_ENUM_CONVERSION = YES;
				CLANG_WARN_INT_CONVERSION = YES;
				CLANG_WARN_OBJC_ROOT_CLASS = YES_ERROR;
				CLANG_WARN_UNREACHABLE_CODE = YES;
				CLANG_WARN__DUPLICATE_METHOD_MATCH = YES;
				CODE_SIGN_IDENTITY = "-";
				COPY_PHASE_STRIP = NO;
				DEBUG_INFORMATION_FORMAT = dwarf;
				ENABLE_STRICT_OBJC_MSGSEND = YES;
				ENABLE_TESTABILITY = YES;
				GCC_C_LANGUAGE_STANDARD = gnu99;
				GCC_DYNAMIC_NO_PIC = NO;
				GCC_NO_COMMON_BLOCKS = YES;
				GCC_OPTIMIZATION_LEVEL = 0;
				GCC_PREPROCESSOR_DEFINITIONS = (
					"DEBUG=1",
					"$(inherited)",
				);
				GCC_WARN_64_TO_32_BIT_CONVERSION = YES;
				GCC_WARN_ABOUT_RETURN_TYPE = YES_ERROR;
				GCC_WARN_UNDECLARED_SELECTOR = YES;
				GCC_WARN_UNINITIALIZED_AUTOS = YES_AGGRESSIVE;
				GCC_WARN_UNUSED_FUNCTION = YES;
				GCC_WARN_UNUSED_VARIABLE = YES;
				MACOSX_DEPLOYMENT_TARGET = 10.11;
				MTL_ENABLE_DEBUG_INFO = YES;
				ONLY_ACTIVE_ARCH = YES;
				SDKROOT = macosx;
				SWIFT_OPTIMIZATION_LEVEL = "-Onone";
			};
			name = Debug;
		};
		9995A8C61CCA0B2400DB48A2 /* Release */ = {
			isa = XCBuildConfiguration;
			buildSettings = {
				ALWAYS_SEARCH_USER_PATHS = NO;
				CLANG_ANALYZER_NONNULL = YES;
				CLANG_CXX_LANGUAGE_STANDARD = "gnu++0x";
				CLANG_CXX_LIBRARY = "libc++";
				CLANG_ENABLE_MODULES = YES;
				CLANG_ENABLE_OBJC_ARC = YES;
				CLANG_WARN_BOOL_CONVERSION = YES;
				CLANG_WARN_CONSTANT_CONVERSION = YES;
				CLANG_WARN_DIRECT_OBJC_ISA_USAGE = YES_ERROR;
				CLANG_WARN_EMPTY_BODY = YES;
				CLANG_WARN_ENUM_CONVERSION = YES;
				CLANG_WARN_INT_CONVERSION = YES;
				CLANG_WARN_OBJC_ROOT_CLASS = YES_ERROR;
				CLANG_WARN_UNREACHABLE_CODE = YES;
				CLANG_WARN__DUPLICATE_METHOD_MATCH = YES;
				CODE_SIGN_IDENTITY = "-";
				COPY_PHASE_STRIP = NO;
				DEBUG_INFORMATION_FORMAT = "dwarf-with-dsym";
				ENABLE_NS_ASSERTIONS = NO;
				ENABLE_STRICT_OBJC_MSGSEND = YES;
				GCC_C_LANGUAGE_STANDARD = gnu99;
				GCC_NO_COMMON_BLOCKS = YES;
				GCC_WARN_64_TO_32_BIT_CONVERSION = YES;
				GCC_WARN_ABOUT_RETURN_TYPE = YES_ERROR;
				GCC_WARN_UNDECLARED_SELECTOR = YES;
				GCC_WARN_UNINITIALIZED_AUTOS = YES_AGGRESSIVE;
				GCC_WARN_UNUSED_FUNCTION = YES;
				GCC_WARN_UNUSED_VARIABLE = YES;
				MACOSX_DEPLOYMENT_TARGET = 10.11;
				MTL_ENABLE_DEBUG_INFO = NO;
				SDKROOT = macosx;
			};
			name = Release;
		};
		9995A8C81CCA0B2400DB48A2 /* Debug */ = {
			isa = XCBuildConfiguration;
			buildSettings = {
				PRODUCT_NAME = "$(TARGET_NAME)";
			};
			name = Debug;
		};
		9995A8C91CCA0B2400DB48A2 /* Release */ = {
			isa = XCBuildConfiguration;
			buildSettings = {
				PRODUCT_NAME = "$(TARGET_NAME)";
			};
			name = Release;
		};
/* End XCBuildConfiguration section */

/* Begin XCConfigurationList section */
		9995A8BB1CCA0B2400DB48A2 /* Build configuration list for PBXProject "Swift构造过程" */ = {
			isa = XCConfigurationList;
			buildConfigurations = (
				9995A8C51CCA0B2400DB48A2 /* Debug */,
				9995A8C61CCA0B2400DB48A2 /* Release */,
			);
			defaultConfigurationIsVisible = 0;
			defaultConfigurationName = Release;
		};
		9995A8C71CCA0B2400DB48A2 /* Build configuration list for PBXNativeTarget "Swift构造过程" */ = {
			isa = XCConfigurationList;
			buildConfigurations = (
				9995A8C81CCA0B2400DB48A2 /* Debug */,
				9995A8C91CCA0B2400DB48A2 /* Release */,
			);
			defaultConfigurationIsVisible = 0;
		};
/* End XCConfigurationList section */
	};
	rootObject = 9995A8B81CCA0B2400DB48A2 /* Project object */;
}
